<?xml version="1.0" encoding="UTF-8"?>
<Scheme
   LastUpgradeVersion = "0910"
   version = "1.3">
   <BuildAction
      parallelizeBuildables = "YES"
      buildImplicitDependencies = "YES">
      <PreActions>
         <ExecutionAction
            ActionType = "Xcode.IDEStandardExecutionActionsCore.ExecutionActionType.ShellScriptAction">
            <ActionContent
               title = "Run Script"
               scriptText = "# Type a script or drag a script file from your workspace to insert its path.&#10;EXEC=&quot;${BUILT_PRODUCTS_DIR}/${FRAMEWORKS_FOLDER_PATH}/ViewPay.framework/ViewPay&quot;&#10;&#10;archs=&quot;$(lipo -info &quot;${EXEC}&quot; | rev | cut -d &apos;:&apos; -f1 | rev)&quot;&#10;stripped=&quot;&quot;&#10;for arch in $archs; do&#10;if ! [[ &quot;${VALID_ARCHS}&quot; == *&quot;$arch&quot;* ]]; then&#10;lipo -remove &quot;$arch&quot; -output &quot;${EXEC}&quot; &quot;${EXEC}&quot; || exit 1&#10;stripped=&quot;$stripped $arch&quot;&#10;fi&#10;done&#10;&#10;echo &quot;Architecture(s) ${stripped} have been removed from binary.&quot;&#10;">
            </ActionContent>
         </ExecutionAction>
      </PreActions>
      <BuildActionEntries>
         <BuildActionEntry
            buildForTesting = "YES"
            buildForRunning = "YES"
            buildForProfiling = "YES"
            buildForArchiving = "YES"
            buildForAnalyzing = "YES">
            <BuildableReference
               BuildableIdentifier = "primary"
               BlueprintIdentifier = "1184A3EE1FCDB8D100A5211B"
               BuildableName = "Demo.app"
               BlueprintName = "Demo"
               ReferencedContainer = "container:ViewPay.xcodeproj">
            </BuildableReference>
         </BuildActionEntry>
      </BuildActionEntries>
   </BuildAction>
   <TestAction
      buildConfiguration = "Debug"
      selectedDebuggerIdentifier = "Xcode.DebuggerFoundation.Debugger.LLDB"
      selectedLauncherIdentifier = "Xcode.DebuggerFoundation.Launcher.LLDB"
      shouldUseLaunchSchemeArgsEnv = "YES">
      <MacroExpansion>
         <BuildableReference
            BuildableIdentifier = "primary"
            BlueprintIdentifier = "1184A3EE1FCDB8D100A5211B"
            BuildableName = "Demo.app"
            BlueprintName = "Demo"
            ReferencedContainer = "container:ViewPay.xcodeproj">
         </BuildableReference>
      </MacroExpansion>
      <Testables>
      </Testables>
   </TestAction>
   <LaunchAction
      buildConfiguration = "Debug"
      selectedDebuggerIdentifier = "Xcode.DebuggerFoundation.Debugger.LLDB"
      selectedLauncherIdentifier = "Xcode.DebuggerFoundation.Launcher.LLDB"
      language = "fr"
      launchStyle = "0"
      useCustomWorkingDirectory = "NO"
      ignoresPersistentStateOnLaunch = "NO"
      debugDocumentVersioning = "YES"
      debugServiceExtension = "internal"
      allowLocationSimulation = "YES">
      <PreActions>
         <ExecutionAction
            ActionType = "Xcode.IDEStandardExecutionActionsCore.ExecutionActionType.ShellScriptAction">
            <ActionContent
               title = "Run Script"
               scriptText = "# Type a script or drag a script file from your workspace to insert its path.&#10;EXEC=&quot;${BUILT_PRODUCTS_DIR}/${FRAMEWORKS_FOLDER_PATH}/ViewPay.framework/ViewPay&quot;&#10;&#10;archs=&quot;$(lipo -info &quot;${EXEC}&quot; | rev | cut -d &apos;:&apos; -f1 | rev)&quot;&#10;stripped=&quot;&quot;&#10;for arch in $archs; do&#10;if ! [[ &quot;${VALID_ARCHS}&quot; == *&quot;$arch&quot;* ]]; then&#10;lipo -remove &quot;$arch&quot; -output &quot;${EXEC}&quot; &quot;${EXEC}&quot; || exit 1&#10;stripped=&quot;$stripped $arch&quot;&#10;fi&#10;done&#10;&#10;echo &quot;Architecture(s) ${stripped} have been removed from binary.&quot;&#10;">
            </ActionContent>
         </ExecutionAction>
      </PreActions>
      <BuildableProductRunnable
         runnableDebuggingMode = "0">
         <BuildableReference
            BuildableIdentifier = "primary"
            BlueprintIdentifier = "1184A3EE1FCDB8D100A5211B"
            BuildableName = "Demo.app"
            BlueprintName = "Demo"
            ReferencedContainer = "container:ViewPay.xcodeproj">
         </BuildableReference>
      </BuildableProductRunnable>
   </LaunchAction>
   <ProfileAction
      buildConfiguration = "Release"
      shouldUseLaunchSchemeArgsEnv = "YES"
      savedToolIdentifier = ""
      useCustomWorkingDirectory = "NO"
      debugDocumentVersioning = "YES">
      <BuildableProductRunnable
         runnableDebuggingMode = "0">
         <BuildableReference
            BuildableIdentifier = "primary"
            BlueprintIdentifier = "1184A3EE1FCDB8D100A5211B"
            BuildableName = "Demo.app"
            BlueprintName = "Demo"
            ReferencedContainer = "container:ViewPay.xcodeproj">
         </BuildableReference>
      </BuildableProductRunnable>
   </ProfileAction>
   <AnalyzeAction
      buildConfiguration = "Debug">
   </AnalyzeAction>
   <ArchiveAction
      buildConfiguration = "Release"
      revealArchiveInOrganizer = "YES">
   </ArchiveAction>
</Scheme>
